<?xml version="1.0" encoding="utf-8"?>
<Project ToolsVersion="4.0" xmlns="http://schemas.microsoft.com/developer/msbuild/2003">
  <ItemGroup>
    <Filter Include="소스 파일">
      <UniqueIdentifier>{4FC737F1-C7A5-4376-A066-2A32D752A2FF}</UniqueIdentifier>
      <Extensions>cpp;c;cc;cxx;c++;cppm;ixx;def;odl;idl;hpj;bat;asm;asmx</Extensions>
    </Filter>
    <Filter Include="헤더 파일">
      <UniqueIdentifier>{93995380-89BD-4b04-88EB-625FBE52EBFB}</UniqueIdentifier>
      <Extensions>h;hh;hpp;hxx;h++;hm;inl;inc;ipp;xsd</Extensions>
    </Filter>
    <Filter Include="리소스 파일">
      <UniqueIdentifier>{67DA6AB6-F800-4c08-8B7A-83BB121AAD01}</UniqueIdentifier>
      <Extensions>rc;ico;cur;bmp;dlg;rc2;rct;bin;rgs;gif;jpg;jpeg;jpe;resx;tiff;tif;png;wav;mfcribbon-ms</Extensions>
    </Filter>
    <Filter Include="소스 파일\250306">
      <UniqueIdentifier>{0564133c-515a-4afc-b668-6ef690488e18}</UniqueIdentifier>
    </Filter>
    <Filter Include="소스 파일\250307">
      <UniqueIdentifier>{2ada057d-3b8d-4520-831a-aca2d6795c05}</UniqueIdentifier>
    </Filter>
    <Filter Include="소스 파일\250310">
      <UniqueIdentifier>{98f93124-d330-4f41-b29e-69bd91239cac}</UniqueIdentifier>
    </Filter>
    <Filter Include="소스 파일\250311">
      <UniqueIdentifier>{115270e4-0e6a-4b8e-ba7d-ee19b8dec108}</UniqueIdentifier>
    </Filter>
    <Filter Include="소스 파일\250312">
      <UniqueIdentifier>{55744272-d2b3-495f-a4f2-ae5847318fc5}</UniqueIdentifier>
    </Filter>
    <Filter Include="소스 파일\250313">
      <UniqueIdentifier>{5b0a1c8b-94ab-4639-a514-e02656cd3078}</UniqueIdentifier>
    </Filter>
    <Filter Include="소스 파일\250314">
      <UniqueIdentifier>{32d47c44-9ac8-4e3f-a01a-3665f8486ffd}</UniqueIdentifier>
    </Filter>
    <Filter Include="소스 파일\250317">
      <UniqueIdentifier>{3cbe038e-d024-418c-8309-f8682f85a169}</UniqueIdentifier>
    </Filter>
    <Filter Include="소스 파일\250318">
      <UniqueIdentifier>{1317425f-dda5-4d34-ad1f-c7105b60e118}</UniqueIdentifier>
    </Filter>
    <Filter Include="소스 파일\250319">
      <UniqueIdentifier>{cd0fcb17-9c01-4769-845c-83d815dd6f2a}</UniqueIdentifier>
    </Filter>
    <Filter Include="소스 파일\250320">
      <UniqueIdentifier>{b1c7e9a2-4d21-424d-8c77-348a6484e1f4}</UniqueIdentifier>
    </Filter>
    <Filter Include="소스 파일\250321">
      <UniqueIdentifier>{1201e435-0849-43be-b267-fc40bb973be6}</UniqueIdentifier>
    </Filter>
    <Filter Include="소스 파일\250324">
      <UniqueIdentifier>{cbe9fb25-70d9-4a03-84ae-32d1b8c12c7d}</UniqueIdentifier>
    </Filter>
    <Filter Include="소스 파일\250325">
      <UniqueIdentifier>{08f95adc-092c-4ac7-94e4-3df42ac6fc3b}</UniqueIdentifier>
    </Filter>
  </ItemGroup>
  <ItemGroup>
    <ClCompile Include="250306_class.cpp">
      <Filter>소스 파일\250306</Filter>
    </ClCompile>
    <ClCompile Include="250306_first.cpp">
      <Filter>소스 파일\250306</Filter>
    </ClCompile>
    <ClCompile Include="250306_overload.cpp">
      <Filter>소스 파일\250306</Filter>
    </ClCompile>
    <ClCompile Include="250307_생성자.cpp">
      <Filter>소스 파일\250307</Filter>
    </ClCompile>
    <ClCompile Include="250307_소멸자.cpp">
      <Filter>소스 파일\250307</Filter>
    </ClCompile>
    <ClCompile Include="250307_배열객체.cpp">
      <Filter>소스 파일\250307</Filter>
    </ClCompile>
    <ClCompile Include="250307_객체포인터.cpp">
      <Filter>소스 파일\250307</Filter>
    </ClCompile>
    <ClCompile Include="250310_this포인터.cpp">
      <Filter>소스 파일\250310</Filter>
    </ClCompile>
    <ClCompile Include="250310_값전달.cpp">
      <Filter>소스 파일\250310</Filter>
    </ClCompile>
    <ClCompile Include="250310_reference전달.cpp">
      <Filter>소스 파일\250310</Filter>
    </ClCompile>
    <ClCompile Include="250310_reference_메모리공유.cpp">
      <Filter>소스 파일\250310</Filter>
    </ClCompile>
    <ClCompile Include="250310_const상수.cpp">
      <Filter>소스 파일\250310</Filter>
    </ClCompile>
    <ClCompile Include="250311_dailyTask1.cpp">
      <Filter>소스 파일\250311</Filter>
    </ClCompile>
    <ClCompile Include="250311_dailyTask2.cpp">
      <Filter>소스 파일\250311</Filter>
    </ClCompile>
    <ClCompile Include="250311_dailyTask3.cpp">
      <Filter>소스 파일\250311</Filter>
    </ClCompile>
    <ClCompile Include="250311_dailyTask4.cpp">
      <Filter>소스 파일\250311</Filter>
    </ClCompile>
    <ClCompile Include="250311_dailyTask5.cpp">
      <Filter>소스 파일\250311</Filter>
    </ClCompile>
    <ClCompile Include="250311_dailyTask6.cpp">
      <Filter>소스 파일\250311</Filter>
    </ClCompile>
    <ClCompile Include="250311_dailyTask7.cpp">
      <Filter>소스 파일\250311</Filter>
    </ClCompile>
    <ClCompile Include="250311_dailyTask8.cpp">
      <Filter>소스 파일\250311</Filter>
    </ClCompile>
    <ClCompile Include="250312_static.cpp">
      <Filter>소스 파일\250312</Filter>
    </ClCompile>
    <ClCompile Include="250313_new.cpp">
      <Filter>소스 파일\250313</Filter>
    </ClCompile>
    <ClCompile Include="250313_객체포인터배열.cpp">
      <Filter>소스 파일\250313</Filter>
    </ClCompile>
    <ClCompile Include="250313_객체포인터변수.cpp">
      <Filter>소스 파일\250313</Filter>
    </ClCompile>
    <ClCompile Include="string_포인터멤버변수를갖는클래스.cpp">
      <Filter>소스 파일\250313</Filter>
    </ClCompile>
    <ClCompile Include="250313_dailyTask1.cpp">
      <Filter>소스 파일\250313</Filter>
    </ClCompile>
    <ClCompile Include="250314_dailyTask1.cpp">
      <Filter>소스 파일\250314</Filter>
    </ClCompile>
    <ClCompile Include="연산자오버로딩.cpp">
      <Filter>소스 파일\250314</Filter>
    </ClCompile>
    <ClCompile Include="복사생성자.cpp">
      <Filter>소스 파일\250314</Filter>
    </ClCompile>
    <ClCompile Include="250317_상속_employ.cpp">
      <Filter>소스 파일\250317</Filter>
    </ClCompile>
    <ClCompile Include="250317_상속_employ_정규계약.cpp">
      <Filter>소스 파일\250317</Filter>
    </ClCompile>
    <ClCompile Include="250317_dailyTask1.cpp">
      <Filter>소스 파일\250317</Filter>
    </ClCompile>
    <ClCompile Include="250317_dailyTask2.cpp">
      <Filter>소스 파일\250317</Filter>
    </ClCompile>
    <ClCompile Include="250317_dailyTask3.cpp">
      <Filter>소스 파일\250317</Filter>
    </ClCompile>
    <ClCompile Include="250318_employee_overriding.cpp">
      <Filter>소스 파일\250318</Filter>
    </ClCompile>
    <ClCompile Include="250318_employee_부모자식클래스변환.cpp">
      <Filter>소스 파일\250318</Filter>
    </ClCompile>
    <ClCompile Include="250318_employee_가상함수.cpp">
      <Filter>소스 파일\250318</Filter>
    </ClCompile>
    <ClCompile Include="250318_employee_dept.cpp">
      <Filter>소스 파일\250318</Filter>
    </ClCompile>
    <ClCompile Include="250318_employee_dept_순수가상함수.cpp">
      <Filter>소스 파일\250318</Filter>
    </ClCompile>
    <ClCompile Include="250319_template.cpp">
      <Filter>소스 파일\250319</Filter>
    </ClCompile>
    <ClCompile Include="250319_template_class.cpp">
      <Filter>소스 파일\250319</Filter>
    </ClCompile>
    <ClCompile Include="250319_template_function.cpp">
      <Filter>소스 파일\250319</Filter>
    </ClCompile>
    <ClCompile Include="250320_예외처리.cpp">
      <Filter>소스 파일\250320</Filter>
    </ClCompile>
    <ClCompile Include="250320_예외처리_try.cpp">
      <Filter>소스 파일\250320</Filter>
    </ClCompile>
    <ClCompile Include="250320_dailyTask1.cpp">
      <Filter>소스 파일\250320</Filter>
    </ClCompile>
    <ClCompile Include="250320_dailyTask2.cpp">
      <Filter>소스 파일\250320</Filter>
    </ClCompile>
    <ClCompile Include="250320_dailyTask3.cpp">
      <Filter>소스 파일\250320</Filter>
    </ClCompile>
    <ClCompile Include="250321_vector_pushBack.cpp">
      <Filter>소스 파일\250321</Filter>
    </ClCompile>
    <ClCompile Include="250321_vector.cpp">
      <Filter>소스 파일\250321</Filter>
    </ClCompile>
    <ClCompile Include="250321_deque.cpp">
      <Filter>소스 파일\250321</Filter>
    </ClCompile>
    <ClCompile Include="250321_list.cpp">
      <Filter>소스 파일\250321</Filter>
    </ClCompile>
    <ClCompile Include="250324_dailyTask1.cpp">
      <Filter>소스 파일\250324</Filter>
    </ClCompile>
    <ClCompile Include="250324_set.cpp">
      <Filter>소스 파일\250324</Filter>
    </ClCompile>
    <ClCompile Include="250324_map.cpp">
      <Filter>소스 파일\250324</Filter>
    </ClCompile>
    <ClCompile Include="250324_iterator.cpp">
      <Filter>소스 파일\250324</Filter>
    </ClCompile>
    <ClCompile Include="250324_dailyTask2.cpp">
      <Filter>소스 파일\250324</Filter>
    </ClCompile>
    <ClCompile Include="250324_dailyTask3.cpp">
      <Filter>소스 파일\250324</Filter>
    </ClCompile>
    <ClCompile Include="250324_dailyTask4.cpp">
      <Filter>소스 파일\250324</Filter>
    </ClCompile>
    <ClCompile Include="250324_dailyTask5.cpp">
      <Filter>소스 파일\250324</Filter>
    </ClCompile>
    <ClCompile Include="250325_dailyTask1.cpp">
      <Filter>소스 파일\250325</Filter>
    </ClCompile>
  </ItemGroup>
</Project>